// !$*UTF8*$!
{
	archiveVersion = 1;
	classes = {
	};
	objectVersion = 55;
	objects = {

/* Begin PBXBuildFile section */
		5054A64627F21D0A009A7402 /* NetworkClient.swift in Sources */ = {isa = PBXBuildFile; fileRef = 5054A64527F21D0A009A7402 /* NetworkClient.swift */; };
		5054A64927F21FBE009A7402 /* NetworkClientError.swift in Sources */ = {isa = PBXBuildFile; fileRef = 5054A64827F21FBE009A7402 /* NetworkClientError.swift */; };
		5054A64B27F228AC009A7402 /* GeoCodingViewModel.swift in Sources */ = {isa = PBXBuildFile; fileRef = 5054A64A27F228AC009A7402 /* GeoCodingViewModel.swift */; };
		5054A64E27F228CF009A7402 /* Box.swift in Sources */ = {isa = PBXBuildFile; fileRef = 5054A64D27F228CF009A7402 /* Box.swift */; };
		5054A65027F2D145009A7402 /* GeoCodingCellViewModel.swift in Sources */ = {isa = PBXBuildFile; fileRef = 5054A64F27F2D145009A7402 /* GeoCodingCellViewModel.swift */; };
		5089492127E89E9500BF806E /* GeoLocation.swift in Sources */ = {isa = PBXBuildFile; fileRef = 5089492027E89E9500BF806E /* GeoLocation.swift */; };
		5089492527E8A51600BF806E /* GeoCoding.json in Resources */ = {isa = PBXBuildFile; fileRef = 5089492427E8A51600BF806E /* GeoCoding.json */; };
		5089492727E8CB5600BF806E /* Endpoint.swift in Sources */ = {isa = PBXBuildFile; fileRef = 5089492627E8CB5600BF806E /* Endpoint.swift */; };
		5095C0F027F30D1500F9520D /* WeatherData.swift in Sources */ = {isa = PBXBuildFile; fileRef = 5095C0EF27F30D1500F9520D /* WeatherData.swift */; };
		5095C0F227F315CD00F9520D /* WeatherViewController.swift in Sources */ = {isa = PBXBuildFile; fileRef = 5095C0F127F315CD00F9520D /* WeatherViewController.swift */; };
		5095C0F427F31BC100F9520D /* WeatherDataViewModel.swift in Sources */ = {isa = PBXBuildFile; fileRef = 5095C0F327F31BC100F9520D /* WeatherDataViewModel.swift */; };
		5095C0F627F4487900F9520D /* WeatherData.json in Resources */ = {isa = PBXBuildFile; fileRef = 5095C0F527F4487900F9520D /* WeatherData.json */; };
		5095C0F827F448F200F9520D /* WeatherDataTest.swift in Sources */ = {isa = PBXBuildFile; fileRef = 5095C0F727F448F200F9520D /* WeatherDataTest.swift */; };
		5095C0FA27F4490E00F9520D /* GeoCodingDataTest.swift in Sources */ = {isa = PBXBuildFile; fileRef = 5095C0F927F4490E00F9520D /* GeoCodingDataTest.swift */; };
		50A3552D27C8D4CB0026ADDE /* AppDelegate.swift in Sources */ = {isa = PBXBuildFile; fileRef = 50A3552C27C8D4CB0026ADDE /* AppDelegate.swift */; };
		50A3552F27C8D4CB0026ADDE /* SceneDelegate.swift in Sources */ = {isa = PBXBuildFile; fileRef = 50A3552E27C8D4CB0026ADDE /* SceneDelegate.swift */; };
		50A3553127C8D4CB0026ADDE /* SearchWeatherLocationViewController.swift in Sources */ = {isa = PBXBuildFile; fileRef = 50A3553027C8D4CB0026ADDE /* SearchWeatherLocationViewController.swift */; };
		50A3553427C8D4CB0026ADDE /* Main.storyboard in Resources */ = {isa = PBXBuildFile; fileRef = 50A3553227C8D4CB0026ADDE /* Main.storyboard */; };
		50A3553727C8D4CB0026ADDE /* WeatherLocal.xcdatamodeld in Sources */ = {isa = PBXBuildFile; fileRef = 50A3553527C8D4CB0026ADDE /* WeatherLocal.xcdatamodeld */; };
		50A3553927C8D4CC0026ADDE /* Assets.xcassets in Resources */ = {isa = PBXBuildFile; fileRef = 50A3553827C8D4CC0026ADDE /* Assets.xcassets */; };
		50A3553C27C8D4CC0026ADDE /* LaunchScreen.storyboard in Resources */ = {isa = PBXBuildFile; fileRef = 50A3553A27C8D4CC0026ADDE /* LaunchScreen.storyboard */; };
		50A3554727C8D4CC0026ADDE /* WeatherLocalTests.swift in Sources */ = {isa = PBXBuildFile; fileRef = 50A3554627C8D4CC0026ADDE /* WeatherLocalTests.swift */; };
		50A3555127C8D4CC0026ADDE /* WeatherLocalUITests.swift in Sources */ = {isa = PBXBuildFile; fileRef = 50A3555027C8D4CC0026ADDE /* WeatherLocalUITests.swift */; };
		50A3555327C8D4CC0026ADDE /* WeatherLocalUITestsLaunchTests.swift in Sources */ = {isa = PBXBuildFile; fileRef = 50A3555227C8D4CC0026ADDE /* WeatherLocalUITestsLaunchTests.swift */; };
/* End PBXBuildFile section */

/* Begin PBXContainerItemProxy section */
		50A3554327C8D4CC0026ADDE /* PBXContainerItemProxy */ = {
			isa = PBXContainerItemProxy;
			containerPortal = 50A3552127C8D4CB0026ADDE /* Project object */;
			proxyType = 1;
			remoteGlobalIDString = 50A3552827C8D4CB0026ADDE;
			remoteInfo = WeatherLocal;
		};
		50A3554D27C8D4CC0026ADDE /* PBXContainerItemProxy */ = {
			isa = PBXContainerItemProxy;
			containerPortal = 50A3552127C8D4CB0026ADDE /* Project object */;
			proxyType = 1;
			remoteGlobalIDString = 50A3552827C8D4CB0026ADDE;
			remoteInfo = WeatherLocal;
		};
/* End PBXContainerItemProxy section */

/* Begin PBXFileReference section */
		5054A64527F21D0A009A7402 /* NetworkClient.swift */ = {isa = PBXFileReference; lastKnownFileType = sourcecode.swift; path = NetworkClient.swift; sourceTree = "<group>"; };
		5054A64827F21FBE009A7402 /* NetworkClientError.swift */ = {isa = PBXFileReference; lastKnownFileType = sourcecode.swift; path = NetworkClientError.swift; sourceTree = "<group>"; };
		5054A64A27F228AC009A7402 /* GeoCodingViewModel.swift */ = {isa = PBXFileReference; lastKnownFileType = sourcecode.swift; path = GeoCodingViewModel.swift; sourceTree = "<group>"; };
		5054A64D27F228CF009A7402 /* Box.swift */ = {isa = PBXFileReference; lastKnownFileType = sourcecode.swift; path = Box.swift; sourceTree = "<group>"; };
		5054A64F27F2D145009A7402 /* GeoCodingCellViewModel.swift */ = {isa = PBXFileReference; lastKnownFileType = sourcecode.swift; path = GeoCodingCellViewModel.swift; sourceTree = "<group>"; };
		5089492027E89E9500BF806E /* GeoLocation.swift */ = {isa = PBXFileReference; lastKnownFileType = sourcecode.swift; path = GeoLocation.swift; sourceTree = "<group>"; };
		5089492427E8A51600BF806E /* GeoCoding.json */ = {isa = PBXFileReference; lastKnownFileType = text.json; path = GeoCoding.json; sourceTree = "<group>"; };
		5089492627E8CB5600BF806E /* Endpoint.swift */ = {isa = PBXFileReference; lastKnownFileType = sourcecode.swift; path = Endpoint.swift; sourceTree = "<group>"; };
		5095C0EF27F30D1500F9520D /* WeatherData.swift */ = {isa = PBXFileReference; lastKnownFileType = sourcecode.swift; path = WeatherData.swift; sourceTree = "<group>"; };
		5095C0F127F315CD00F9520D /* WeatherViewController.swift */ = {isa = PBXFileReference; lastKnownFileType = sourcecode.swift; path = WeatherViewController.swift; sourceTree = "<group>"; };
		5095C0F327F31BC100F9520D /* WeatherDataViewModel.swift */ = {isa = PBXFileReference; lastKnownFileType = sourcecode.swift; path = WeatherDataViewModel.swift; sourceTree = "<group>"; };
		5095C0F527F4487900F9520D /* WeatherData.json */ = {isa = PBXFileReference; lastKnownFileType = text.json; path = WeatherData.json; sourceTree = "<group>"; };
		5095C0F727F448F200F9520D /* WeatherDataTest.swift */ = {isa = PBXFileReference; lastKnownFileType = sourcecode.swift; path = WeatherDataTest.swift; sourceTree = "<group>"; };
		5095C0F927F4490E00F9520D /* GeoCodingDataTest.swift */ = {isa = PBXFileReference; lastKnownFileType = sourcecode.swift; path = GeoCodingDataTest.swift; sourceTree = "<group>"; };
		50A3552927C8D4CB0026ADDE /* WeatherLocal.app */ = {isa = PBXFileReference; explicitFileType = wrapper.application; includeInIndex = 0; path = WeatherLocal.app; sourceTree = BUILT_PRODUCTS_DIR; };
		50A3552C27C8D4CB0026ADDE /* AppDelegate.swift */ = {isa = PBXFileReference; lastKnownFileType = sourcecode.swift; path = AppDelegate.swift; sourceTree = "<group>"; };
		50A3552E27C8D4CB0026ADDE /* SceneDelegate.swift */ = {isa = PBXFileReference; lastKnownFileType = sourcecode.swift; path = SceneDelegate.swift; sourceTree = "<group>"; };
		50A3553027C8D4CB0026ADDE /* SearchWeatherLocationViewController.swift */ = {isa = PBXFileReference; lastKnownFileType = sourcecode.swift; path = SearchWeatherLocationViewController.swift; sourceTree = "<group>"; };
		50A3553327C8D4CB0026ADDE /* Base */ = {isa = PBXFileReference; lastKnownFileType = file.storyboard; name = Base; path = Base.lproj/Main.storyboard; sourceTree = "<group>"; };
		50A3553627C8D4CB0026ADDE /* WeatherLocal.xcdatamodel */ = {isa = PBXFileReference; lastKnownFileType = wrapper.xcdatamodel; path = WeatherLocal.xcdatamodel; sourceTree = "<group>"; };
		50A3553827C8D4CC0026ADDE /* Assets.xcassets */ = {isa = PBXFileReference; lastKnownFileType = folder.assetcatalog; path = Assets.xcassets; sourceTree = "<group>"; };
		50A3553B27C8D4CC0026ADDE /* Base */ = {isa = PBXFileReference; lastKnownFileType = file.storyboard; name = Base; path = Base.lproj/LaunchScreen.storyboard; sourceTree = "<group>"; };
		50A3553D27C8D4CC0026ADDE /* Info.plist */ = {isa = PBXFileReference; lastKnownFileType = text.plist.xml; path = Info.plist; sourceTree = "<group>"; };
		50A3554227C8D4CC0026ADDE /* WeatherLocalTests.xctest */ = {isa = PBXFileReference; explicitFileType = wrapper.cfbundle; includeInIndex = 0; path = WeatherLocalTests.xctest; sourceTree = BUILT_PRODUCTS_DIR; };
		50A3554627C8D4CC0026ADDE /* WeatherLocalTests.swift */ = {isa = PBXFileReference; lastKnownFileType = sourcecode.swift; path = WeatherLocalTests.swift; sourceTree = "<group>"; };
		50A3554C27C8D4CC0026ADDE /* WeatherLocalUITests.xctest */ = {isa = PBXFileReference; explicitFileType = wrapper.cfbundle; includeInIndex = 0; path = WeatherLocalUITests.xctest; sourceTree = BUILT_PRODUCTS_DIR; };
		50A3555027C8D4CC0026ADDE /* WeatherLocalUITests.swift */ = {isa = PBXFileReference; lastKnownFileType = sourcecode.swift; path = WeatherLocalUITests.swift; sourceTree = "<group>"; };
		50A3555227C8D4CC0026ADDE /* WeatherLocalUITestsLaunchTests.swift */ = {isa = PBXFileReference; lastKnownFileType = sourcecode.swift; path = WeatherLocalUITestsLaunchTests.swift; sourceTree = "<group>"; };
/* End PBXFileReference section */

/* Begin PBXFrameworksBuildPhase section */
		50A3552627C8D4CB0026ADDE /* Frameworks */ = {
			isa = PBXFrameworksBuildPhase;
			buildActionMask = 2147483647;
			files = (
			);
			runOnlyForDeploymentPostprocessing = 0;
		};
		50A3553F27C8D4CC0026ADDE /* Frameworks */ = {
			isa = PBXFrameworksBuildPhase;
			buildActionMask = 2147483647;
			files = (
			);
			runOnlyForDeploymentPostprocessing = 0;
		};
		50A3554927C8D4CC0026ADDE /* Frameworks */ = {
			isa = PBXFrameworksBuildPhase;
			buildActionMask = 2147483647;
			files = (
			);
			runOnlyForDeploymentPostprocessing = 0;
		};
/* End PBXFrameworksBuildPhase section */

/* Begin PBXGroup section */
		5054A63D27F21B86009A7402 /* Controllers */ = {
			isa = PBXGroup;
			children = (
				50A3553027C8D4CB0026ADDE /* SearchWeatherLocationViewController.swift */,
				5095C0F127F315CD00F9520D /* WeatherViewController.swift */,
			);
			path = Controllers;
			sourceTree = "<group>";
		};
		5054A63E27F21B91009A7402 /* ViewModels */ = {
			isa = PBXGroup;
			children = (
				5054A64A27F228AC009A7402 /* GeoCodingViewModel.swift */,
				5054A64F27F2D145009A7402 /* GeoCodingCellViewModel.swift */,
				5095C0F327F31BC100F9520D /* WeatherDataViewModel.swift */,
			);
			path = ViewModels;
			sourceTree = "<group>";
		};
		5054A63F27F21BD7009A7402 /* Models */ = {
			isa = PBXGroup;
			children = (
				5089492027E89E9500BF806E /* GeoLocation.swift */,
				5095C0EF27F30D1500F9520D /* WeatherData.swift */,
			);
			path = Models;
			sourceTree = "<group>";
		};
		5054A64027F21BEE009A7402 /* Services */ = {
			isa = PBXGroup;
			children = (
				5054A64727F21F5E009A7402 /* Errors */,
				5089492627E8CB5600BF806E /* Endpoint.swift */,
				5054A64527F21D0A009A7402 /* NetworkClient.swift */,
			);
			path = Services;
			sourceTree = "<group>";
		};
		5054A64127F21C01009A7402 /* Storyboards */ = {
			isa = PBXGroup;
			children = (
				50A3553227C8D4CB0026ADDE /* Main.storyboard */,
				50A3553A27C8D4CC0026ADDE /* LaunchScreen.storyboard */,
			);
			path = Storyboards;
			sourceTree = "<group>";
		};
		5054A64227F21C0C009A7402 /* Views */ = {
			isa = PBXGroup;
			children = (
			);
			path = Views;
			sourceTree = "<group>";
		};
		5054A64327F21C2F009A7402 /* Resources */ = {
			isa = PBXGroup;
			children = (
				5089492427E8A51600BF806E /* GeoCoding.json */,
				5095C0F527F4487900F9520D /* WeatherData.json */,
			);
			path = Resources;
			sourceTree = "<group>";
		};
		5054A64427F21C8B009A7402 /* Databases */ = {
			isa = PBXGroup;
			children = (
				50A3553527C8D4CB0026ADDE /* WeatherLocal.xcdatamodeld */,
			);
			path = Databases;
			sourceTree = "<group>";
		};
		5054A64727F21F5E009A7402 /* Errors */ = {
			isa = PBXGroup;
			children = (
				5054A64827F21FBE009A7402 /* NetworkClientError.swift */,
			);
			path = Errors;
			sourceTree = "<group>";
		};
		5054A64C27F228C1009A7402 /* Utilities */ = {
			isa = PBXGroup;
			children = (
				5054A64D27F228CF009A7402 /* Box.swift */,
			);
			path = Utilities;
			sourceTree = "<group>";
		};
		50A3552027C8D4CB0026ADDE = {
			isa = PBXGroup;
			children = (
				50A3552B27C8D4CB0026ADDE /* WeatherLocal */,
				50A3554527C8D4CC0026ADDE /* WeatherLocalTests */,
				50A3554F27C8D4CC0026ADDE /* WeatherLocalUITests */,
				50A3552A27C8D4CB0026ADDE /* Products */,
			);
			sourceTree = "<group>";
		};
		50A3552A27C8D4CB0026ADDE /* Products */ = {
			isa = PBXGroup;
			children = (
				50A3552927C8D4CB0026ADDE /* WeatherLocal.app */,
				50A3554227C8D4CC0026ADDE /* WeatherLocalTests.xctest */,
				50A3554C27C8D4CC0026ADDE /* WeatherLocalUITests.xctest */,
			);
			name = Products;
			sourceTree = "<group>";
		};
		50A3552B27C8D4CB0026ADDE /* WeatherLocal */ = {
			isa = PBXGroup;
			children = (
				50A3553D27C8D4CC0026ADDE /* Info.plist */,
				5054A64C27F228C1009A7402 /* Utilities */,
				5054A64427F21C8B009A7402 /* Databases */,
				5054A64327F21C2F009A7402 /* Resources */,
				5054A64227F21C0C009A7402 /* Views */,
				5054A64127F21C01009A7402 /* Storyboards */,
				5054A64027F21BEE009A7402 /* Services */,
				5054A63F27F21BD7009A7402 /* Models */,
				5054A63E27F21B91009A7402 /* ViewModels */,
				5054A63D27F21B86009A7402 /* Controllers */,
				50A3552C27C8D4CB0026ADDE /* AppDelegate.swift */,
				50A3552E27C8D4CB0026ADDE /* SceneDelegate.swift */,
				50A3553827C8D4CC0026ADDE /* Assets.xcassets */,
			);
			path = WeatherLocal;
			sourceTree = "<group>";
		};
		50A3554527C8D4CC0026ADDE /* WeatherLocalTests */ = {
			isa = PBXGroup;
			children = (
				50A3554627C8D4CC0026ADDE /* WeatherLocalTests.swift */,
				5095C0F727F448F200F9520D /* WeatherDataTest.swift */,
				5095C0F927F4490E00F9520D /* GeoCodingDataTest.swift */,
			);
			path = WeatherLocalTests;
			sourceTree = "<group>";
		};
		50A3554F27C8D4CC0026ADDE /* WeatherLocalUITests */ = {
			isa = PBXGroup;
			children = (
				50A3555027C8D4CC0026ADDE /* WeatherLocalUITests.swift */,
				50A3555227C8D4CC0026ADDE /* WeatherLocalUITestsLaunchTests.swift */,
			);
			path = WeatherLocalUITests;
			sourceTree = "<group>";
		};
/* End PBXGroup section */

/* Begin PBXNativeTarget section */
		50A3552827C8D4CB0026ADDE /* WeatherLocal */ = {
			isa = PBXNativeTarget;
			buildConfigurationList = 50A3555627C8D4CC0026ADDE /* Build configuration list for PBXNativeTarget "WeatherLocal" */;
			buildPhases = (
				50A3552527C8D4CB0026ADDE /* Sources */,
				50A3552627C8D4CB0026ADDE /* Frameworks */,
				50A3552727C8D4CB0026ADDE /* Resources */,
			);
			buildRules = (
			);
			dependencies = (
			);
			name = WeatherLocal;
			productName = WeatherLocal;
			productReference = 50A3552927C8D4CB0026ADDE /* WeatherLocal.app */;
			productType = "com.apple.product-type.application";
		};
		50A3554127C8D4CC0026ADDE /* WeatherLocalTests */ = {
			isa = PBXNativeTarget;
			buildConfigurationList = 50A3555927C8D4CC0026ADDE /* Build configuration list for PBXNativeTarget "WeatherLocalTests" */;
			buildPhases = (
				50A3553E27C8D4CC0026ADDE /* Sources */,
				50A3553F27C8D4CC0026ADDE /* Frameworks */,
				50A3554027C8D4CC0026ADDE /* Resources */,
			);
			buildRules = (
			);
			dependencies = (
				50A3554427C8D4CC0026ADDE /* PBXTargetDependency */,
			);
			name = WeatherLocalTests;
			productName = WeatherLocalTests;
			productReference = 50A3554227C8D4CC0026ADDE /* WeatherLocalTests.xctest */;
			productType = "com.apple.product-type.bundle.unit-test";
		};
		50A3554B27C8D4CC0026ADDE /* WeatherLocalUITests */ = {
			isa = PBXNativeTarget;
			buildConfigurationList = 50A3555C27C8D4CC0026ADDE /* Build configuration list for PBXNativeTarget "WeatherLocalUITests" */;
			buildPhases = (
				50A3554827C8D4CC0026ADDE /* Sources */,
				50A3554927C8D4CC0026ADDE /* Frameworks */,
				50A3554A27C8D4CC0026ADDE /* Resources */,
			);
			buildRules = (
			);
			dependencies = (
				50A3554E27C8D4CC0026ADDE /* PBXTargetDependency */,
			);
			name = WeatherLocalUITests;
			productName = WeatherLocalUITests;
			productReference = 50A3554C27C8D4CC0026ADDE /* WeatherLocalUITests.xctest */;
			productType = "com.apple.product-type.bundle.ui-testing";
		};
/* End PBXNativeTarget section */

/* Begin PBXProject section */
		50A3552127C8D4CB0026ADDE /* Project object */ = {
			isa = PBXProject;
			attributes = {
				BuildIndependentTargetsInParallel = 1;
				LastSwiftUpdateCheck = 1320;
				LastUpgradeCheck = 1320;
				TargetAttributes = {
					50A3552827C8D4CB0026ADDE = {
						CreatedOnToolsVersion = 13.2.1;
					};
					50A3554127C8D4CC0026ADDE = {
						CreatedOnToolsVersion = 13.2.1;
						TestTargetID = 50A3552827C8D4CB0026ADDE;
					};
					50A3554B27C8D4CC0026ADDE = {
						CreatedOnToolsVersion = 13.2.1;
						TestTargetID = 50A3552827C8D4CB0026ADDE;
					};
				};
			};
			buildConfigurationList = 50A3552427C8D4CB0026ADDE /* Build configuration list for PBXProject "WeatherLocal" */;
			compatibilityVersion = "Xcode 13.0";
			developmentRegion = en;
			hasScannedForEncodings = 0;
			knownRegions = (
				en,
				Base,
			);
			mainGroup = 50A3552027C8D4CB0026ADDE;
			productRefGroup = 50A3552A27C8D4CB0026ADDE /* Products */;
			projectDirPath = "";
			projectRoot = "";
			targets = (
				50A3552827C8D4CB0026ADDE /* WeatherLocal */,
				50A3554127C8D4CC0026ADDE /* WeatherLocalTests */,
				50A3554B27C8D4CC0026ADDE /* WeatherLocalUITests */,
			);
		};
/* End PBXProject section */

/* Begin PBXResourcesBuildPhase section */
		50A3552727C8D4CB0026ADDE /* Resources */ = {
			isa = PBXResourcesBuildPhase;
			buildActionMask = 2147483647;
			files = (
				5095C0F627F4487900F9520D /* WeatherData.json in Resources */,
				50A3553C27C8D4CC0026ADDE /* LaunchScreen.storyboard in Resources */,
				50A3553927C8D4CC0026ADDE /* Assets.xcassets in Resources */,
				50A3553427C8D4CB0026ADDE /* Main.storyboard in Resources */,
				5089492527E8A51600BF806E /* GeoCoding.json in Resources */,
			);
			runOnlyForDeploymentPostprocessing = 0;
		};
		50A3554027C8D4CC0026ADDE /* Resources */ = {
			isa = PBXResourcesBuildPhase;
			buildActionMask = 2147483647;
			files = (
			);
			runOnlyForDeploymentPostprocessing = 0;
		};
		50A3554A27C8D4CC0026ADDE /* Resources */ = {
			isa = PBXResourcesBuildPhase;
			buildActionMask = 2147483647;
			files = (
			);
			runOnlyForDeploymentPostprocessing = 0;
		};
/* End PBXResourcesBuildPhase section */

/* Begin PBXSourcesBuildPhase section */
		50A3552527C8D4CB0026ADDE /* Sources */ = {
			isa = PBXSourcesBuildPhase;
			buildActionMask = 2147483647;
			files = (
				5054A65027F2D145009A7402 /* GeoCodingCellViewModel.swift in Sources */,
				50A3553727C8D4CB0026ADDE /* WeatherLocal.xcdatamodeld in Sources */,
				50A3553127C8D4CB0026ADDE /* SearchWeatherLocationViewController.swift in Sources */,
				5089492127E89E9500BF806E /* GeoLocation.swift in Sources */,
				5095C0F227F315CD00F9520D /* WeatherViewController.swift in Sources */,
				5054A64927F21FBE009A7402 /* NetworkClientError.swift in Sources */,
				50A3552D27C8D4CB0026ADDE /* AppDelegate.swift in Sources */,
				5054A64627F21D0A009A7402 /* NetworkClient.swift in Sources */,
				5089492727E8CB5600BF806E /* Endpoint.swift in Sources */,
				50A3552F27C8D4CB0026ADDE /* SceneDelegate.swift in Sources */,
				5054A64B27F228AC009A7402 /* GeoCodingViewModel.swift in Sources */,
				5095C0F027F30D1500F9520D /* WeatherData.swift in Sources */,
				5054A64E27F228CF009A7402 /* Box.swift in Sources */,
				5095C0F427F31BC100F9520D /* WeatherDataViewModel.swift in Sources */,
			);
			runOnlyForDeploymentPostprocessing = 0;
		};
		50A3553E27C8D4CC0026ADDE /* Sources */ = {
			isa = PBXSourcesBuildPhase;
			buildActionMask = 2147483647;
			files = (
				5095C0F827F448F200F9520D /* WeatherDataTest.swift in Sources */,
				50A3554727C8D4CC0026ADDE /* WeatherLocalTests.swift in Sources */,
				5095C0FA27F4490E00F9520D /* GeoCodingDataTest.swift in Sources */,
			);
			runOnlyForDeploymentPostprocessing = 0;
		};
		50A3554827C8D4CC0026ADDE /* Sources */ = {
			isa = PBXSourcesBuildPhase;
			buildActionMask = 2147483647;
			files = (
				50A3555127C8D4CC0026ADDE /* WeatherLocalUITests.swift in Sources */,
				50A3555327C8D4CC0026ADDE /* WeatherLocalUITestsLaunchTests.swift in Sources */,
			);
			runOnlyForDeploymentPostprocessing = 0;
		};
/* End PBXSourcesBuildPhase section */

/* Begin PBXTargetDependency section */
		50A3554427C8D4CC0026ADDE /* PBXTargetDependency */ = {
			isa = PBXTargetDependency;
			target = 50A3552827C8D4CB0026ADDE /* WeatherLocal */;
			targetProxy = 50A3554327C8D4CC0026ADDE /* PBXContainerItemProxy */;
		};
		50A3554E27C8D4CC0026ADDE /* PBXTargetDependency */ = {
			isa = PBXTargetDependency;
			target = 50A3552827C8D4CB0026ADDE /* WeatherLocal */;
			targetProxy = 50A3554D27C8D4CC0026ADDE /* PBXContainerItemProxy */;
		};
/* End PBXTargetDependency section */

/* Begin PBXVariantGroup section */
		50A3553227C8D4CB0026ADDE /* Main.storyboard */ = {
			isa = PBXVariantGroup;
			children = (
				50A3553327C8D4CB0026ADDE /* Base */,
			);
			name = Main.storyboard;
			sourceTree = "<group>";
		};
		50A3553A27C8D4CC0026ADDE /* LaunchScreen.storyboard */ = {
			isa = PBXVariantGroup;
			children = (
				50A3553B27C8D4CC0026ADDE /* Base */,
			);
			name = LaunchScreen.storyboard;
			sourceTree = "<group>";
		};
/* End PBXVariantGroup section */

/* Begin XCBuildConfiguration section */
		50A3555427C8D4CC0026ADDE /* Debug */ = {
			isa = XCBuildConfiguration;
			buildSettings = {
				ALWAYS_SEARCH_USER_PATHS = NO;
				CLANG_ANALYZER_NONNULL = YES;
				CLANG_ANALYZER_NUMBER_OBJECT_CONVERSION = YES_AGGRESSIVE;
				CLANG_CXX_LANGUAGE_STANDARD = "gnu++17";
				CLANG_CXX_LIBRARY = "libc++";
				CLANG_ENABLE_MODULES = YES;
				CLANG_ENABLE_OBJC_ARC = YES;
				CLANG_ENABLE_OBJC_WEAK = YES;
				CLANG_WARN_BLOCK_CAPTURE_AUTORELEASING = YES;
				CLANG_WARN_BOOL_CONVERSION = YES;
				CLANG_WARN_COMMA = YES;
				CLANG_WARN_CONSTANT_CONVERSION = YES;
				CLANG_WARN_DEPRECATED_OBJC_IMPLEMENTATIONS = YES;
				CLANG_WARN_DIRECT_OBJC_ISA_USAGE = YES_ERROR;
				CLANG_WARN_DOCUMENTATION_COMMENTS = YES;
				CLANG_WARN_EMPTY_BODY = YES;
				CLANG_WARN_ENUM_CONVERSION = YES;
				CLANG_WARN_INFINITE_RECURSION = YES;
				CLANG_WARN_INT_CONVERSION = YES;
				CLANG_WARN_NON_LITERAL_NULL_CONVERSION = YES;
				CLANG_WARN_OBJC_IMPLICIT_RETAIN_SELF = YES;
				CLANG_WARN_OBJC_LITERAL_CONVERSION = YES;
				CLANG_WARN_OBJC_ROOT_CLASS = YES_ERROR;
				CLANG_WARN_QUOTED_INCLUDE_IN_FRAMEWORK_HEADER = YES;
				CLANG_WARN_RANGE_LOOP_ANALYSIS = YES;
				CLANG_WARN_STRICT_PROTOTYPES = YES;
				CLANG_WARN_SUSPICIOUS_MOVE = YES;
				CLANG_WARN_UNGUARDED_AVAILABILITY = YES_AGGRESSIVE;
				CLANG_WARN_UNREACHABLE_CODE = YES;
				CLANG_WARN__DUPLICATE_METHOD_MATCH = YES;
				COPY_PHASE_STRIP = NO;
				DEBUG_INFORMATION_FORMAT = dwarf;
				ENABLE_STRICT_OBJC_MSGSEND = YES;
				ENABLE_TESTABILITY = YES;
				GCC_C_LANGUAGE_STANDARD = gnu11;
				GCC_DYNAMIC_NO_PIC = NO;
				GCC_NO_COMMON_BLOCKS = YES;
				GCC_OPTIMIZATION_LEVEL = 0;
				GCC_PREPROCESSOR_DEFINITIONS = (
					"DEBUG=1",
					"$(inherited)",
				);
				GCC_WARN_64_TO_32_BIT_CONVERSION = YES;
				GCC_WARN_ABOUT_RETURN_TYPE = YES_ERROR;
				GCC_WARN_UNDECLARED_SELECTOR = YES;
				GCC_WARN_UNINITIALIZED_AUTOS = YES_AGGRESSIVE;
				GCC_WARN_UNUSED_FUNCTION = YES;
				GCC_WARN_UNUSED_VARIABLE = YES;
				IPHONEOS_DEPLOYMENT_TARGET = 15.2;
				MTL_ENABLE_DEBUG_INFO = INCLUDE_SOURCE;
				MTL_FAST_MATH = YES;
				ONLY_ACTIVE_ARCH = YES;
				SDKROOT = iphoneos;
				SWIFT_ACTIVE_COMPILATION_CONDITIONS = DEBUG;
				SWIFT_OPTIMIZATION_LEVEL = "-Onone";
			};
			name = Debug;
		};
		50A3555527C8D4CC0026ADDE /* Release */ = {
			isa = XCBuildConfiguration;
			buildSettings = {
				ALWAYS_SEARCH_USER_PATHS = NO;
				CLANG_ANALYZER_NONNULL = YES;
				CLANG_ANALYZER_NUMBER_OBJECT_CONVERSION = YES_AGGRESSIVE;
				CLANG_CXX_LANGUAGE_STANDARD = "gnu++17";
				CLANG_CXX_LIBRARY = "libc++";
				CLANG_ENABLE_MODULES = YES;
				CLANG_ENABLE_OBJC_ARC = YES;
				CLANG_ENABLE_OBJC_WEAK = YES;
				CLANG_WARN_BLOCK_CAPTURE_AUTORELEASING = YES;
				CLANG_WARN_BOOL_CONVERSION = YES;
				CLANG_WARN_COMMA = YES;
				CLANG_WARN_CONSTANT_CONVERSION = YES;
				CLANG_WARN_DEPRECATED_OBJC_IMPLEMENTATIONS = YES;
				CLANG_WARN_DIRECT_OBJC_ISA_USAGE = YES_ERROR;
				CLANG_WARN_DOCUMENTATION_COMMENTS = YES;
				CLANG_WARN_EMPTY_BODY = YES;
				CLANG_WARN_ENUM_CONVERSION = YES;
				CLANG_WARN_INFINITE_RECURSION = YES;
				CLANG_WARN_INT_CONVERSION = YES;
				CLANG_WARN_NON_LITERAL_NULL_CONVERSION = YES;
				CLANG_WARN_OBJC_IMPLICIT_RETAIN_SELF = YES;
				CLANG_WARN_OBJC_LITERAL_CONVERSION = YES;
				CLANG_WARN_OBJC_ROOT_CLASS = YES_ERROR;
				CLANG_WARN_QUOTED_INCLUDE_IN_FRAMEWORK_HEADER = YES;
				CLANG_WARN_RANGE_LOOP_ANALYSIS = YES;
				CLANG_WARN_STRICT_PROTOTYPES = YES;
				CLANG_WARN_SUSPICIOUS_MOVE = YES;
				CLANG_WARN_UNGUARDED_AVAILABILITY = YES_AGGRESSIVE;
				CLANG_WARN_UNREACHABLE_CODE = YES;
				CLANG_WARN__DUPLICATE_METHOD_MATCH = YES;
				COPY_PHASE_STRIP = NO;
				DEBUG_INFORMATION_FORMAT = "dwarf-with-dsym";
				ENABLE_NS_ASSERTIONS = NO;
				ENABLE_STRICT_OBJC_MSGSEND = YES;
				GCC_C_LANGUAGE_STANDARD = gnu11;
				GCC_NO_COMMON_BLOCKS = YES;
				GCC_WARN_64_TO_32_BIT_CONVERSION = YES;
				GCC_WARN_ABOUT_RETURN_TYPE = YES_ERROR;
				GCC_WARN_UNDECLARED_SELECTOR = YES;
				GCC_WARN_UNINITIALIZED_AUTOS = YES_AGGRESSIVE;
				GCC_WARN_UNUSED_FUNCTION = YES;
				GCC_WARN_UNUSED_VARIABLE = YES;
				IPHONEOS_DEPLOYMENT_TARGET = 15.2;
				MTL_ENABLE_DEBUG_INFO = NO;
				MTL_FAST_MATH = YES;
				SDKROOT = iphoneos;
				SWIFT_COMPILATION_MODE = wholemodule;
				SWIFT_OPTIMIZATION_LEVEL = "-O";
				VALIDATE_PRODUCT = YES;
			};
			name = Release;
		};
		50A3555727C8D4CC0026ADDE /* Debug */ = {
			isa = XCBuildConfiguration;
			buildSettings = {
				ASSETCATALOG_COMPILER_APPICON_NAME = AppIcon;
				ASSETCATALOG_COMPILER_GLOBAL_ACCENT_COLOR_NAME = AccentColor;
				CODE_SIGN_STYLE = Automatic;
				CURRENT_PROJECT_VERSION = 1;
				DEVELOPMENT_TEAM = 6XZF5J5YU4;
				GENERATE_INFOPLIST_FILE = YES;
				INFOPLIST_FILE = WeatherLocal/Info.plist;
				INFOPLIST_KEY_UIApplicationSupportsIndirectInputEvents = YES;
				INFOPLIST_KEY_UILaunchStoryboardName = LaunchScreen;
				INFOPLIST_KEY_UIMainStoryboardFile = Main;
				INFOPLIST_KEY_UISupportedInterfaceOrientations_iPad = "UIInterfaceOrientationPortrait UIInterfaceOrientationPortraitUpsideDown UIInterfaceOrientationLandscapeLeft UIInterfaceOrientationLandscapeRight";
				INFOPLIST_KEY_UISupportedInterfaceOrientations_iPhone = "UIInterfaceOrientationPortrait UIInterfaceOrientationLandscapeLeft UIInterfaceOrientationLandscapeRight";
				LD_RUNPATH_SEARCH_PATHS = (
					"$(inherited)",
					"@executable_path/Frameworks",
				);
				MARKETING_VERSION = 1.0;
				PRODUCT_BUNDLE_IDENTIFIER = com.example.WeatherLocal;
				PRODUCT_NAME = "$(TARGET_NAME)";
				SWIFT_EMIT_LOC_STRINGS = YES;
				SWIFT_VERSION = 5.0;
				TARGETED_DEVICE_FAMILY = "1,2";
			};
			name = Debug;
		};
		50A3555827C8D4CC0026ADDE /* Release */ = {
			isa = XCBuildConfiguration;
			buildSettings = {
				ASSETCATALOG_COMPILER_APPICON_NAME = AppIcon;
				ASSETCATALOG_COMPILER_GLOBAL_ACCENT_COLOR_NAME = AccentColor;
				CODE_SIGN_STYLE = Automatic;
				CURRENT_PROJECT_VERSION = 1;
				DEVELOPMENT_TEAM = 6XZF5J5YU4;
				GENERATE_INFOPLIST_FILE = YES;
				INFOPLIST_FILE = WeatherLocal/Info.plist;
				INFOPLIST_KEY_UIApplicationSupportsIndirectInputEvents = YES;
				INFOPLIST_KEY_UILaunchStoryboardName = LaunchScreen;
				INFOPLIST_KEY_UIMainStoryboardFile = Main;
				INFOPLIST_KEY_UISupportedInterfaceOrientations_iPad = "UIInterfaceOrientationPortrait UIInterfaceOrientationPortraitUpsideDown UIInterfaceOrientationLandscapeLeft UIInterfaceOrientationLandscapeRight";
				INFOPLIST_KEY_UISupportedInterfaceOrientations_iPhone = "UIInterfaceOrientationPortrait UIInterfaceOrientationLandscapeLeft UIInterfaceOrientationLandscapeRight";
				LD_RUNPATH_SEARCH_PATHS = (
					"$(inherited)",
					"@executable_path/Frameworks",
				);
				MARKETING_VERSION = 1.0;
				PRODUCT_BUNDLE_IDENTIFIER = com.example.WeatherLocal;
				PRODUCT_NAME = "$(TARGET_NAME)";
				SWIFT_EMIT_LOC_STRINGS = YES;
				SWIFT_VERSION = 5.0;
				TARGETED_DEVICE_FAMILY = "1,2";
			};
			name = Release;
		};
		50A3555A27C8D4CC0026ADDE /* Debug */ = {
			isa = XCBuildConfiguration;
			buildSettings = {
				ALWAYS_EMBED_SWIFT_STANDARD_LIBRARIES = YES;
				BUNDLE_LOADER = "$(TEST_HOST)";
				CODE_SIGN_STYLE = Automatic;
				CURRENT_PROJECT_VERSION = 1;
				DEVELOPMENT_TEAM = 6XZF5J5YU4;
				GENERATE_INFOPLIST_FILE = YES;
				IPHONEOS_DEPLOYMENT_TARGET = 15.2;
				MARKETING_VERSION = 1.0;
				PRODUCT_BUNDLE_IDENTIFIER = com.example.WeatherLocalTests;
				PRODUCT_NAME = "$(TARGET_NAME)";
				SWIFT_EMIT_LOC_STRINGS = NO;
				SWIFT_VERSION = 5.0;
				TARGETED_DEVICE_FAMILY = "1,2";
				TEST_HOST = "$(BUILT_PRODUCTS_DIR)/WeatherLocal.app/WeatherLocal";
			};
			name = Debug;
		};
		50A3555B27C8D4CC0026ADDE /* Release */ = {
			isa = XCBuildConfiguration;
			buildSettings = {
				ALWAYS_EMBED_SWIFT_STANDARD_LIBRARIES = YES;
				BUNDLE_LOADER = "$(TEST_HOST)";
				CODE_SIGN_STYLE = Automatic;
				CURRENT_PROJECT_VERSION = 1;
				DEVELOPMENT_TEAM = 6XZF5J5YU4;
				GENERATE_INFOPLIST_FILE = YES;
				IPHONEOS_DEPLOYMENT_TARGET = 15.2;
				MARKETING_VERSION = 1.0;
				PRODUCT_BUNDLE_IDENTIFIER = com.example.WeatherLocalTests;
				PRODUCT_NAME = "$(TARGET_NAME)";
				SWIFT_EMIT_LOC_STRINGS = NO;
				SWIFT_VERSION = 5.0;
				TARGETED_DEVICE_FAMILY = "1,2";
				TEST_HOST = "$(BUILT_PRODUCTS_DIR)/WeatherLocal.app/WeatherLocal";
			};
			name = Release;
		};
		50A3555D27C8D4CC0026ADDE /* Debug */ = {
			isa = XCBuildConfiguration;
			buildSettings = {
				ALWAYS_EMBED_SWIFT_STANDARD_LIBRARIES = YES;
				CODE_SIGN_STYLE = Automatic;
				CURRENT_PROJECT_VERSION = 1;
				DEVELOPMENT_TEAM = 6XZF5J5YU4;
				GENERATE_INFOPLIST_FILE = YES;
				MARKETING_VERSION = 1.0;
				PRODUCT_BUNDLE_IDENTIFIER = com.example.WeatherLocalUITests;
				PRODUCT_NAME = "$(TARGET_NAME)";
				SWIFT_EMIT_LOC_STRINGS = NO;
				SWIFT_VERSION = 5.0;
				TARGETED_DEVICE_FAMILY = "1,2";
				TEST_TARGET_NAME = WeatherLocal;
			};
			name = Debug;
		};
		50A3555E27C8D4CC0026ADDE /* Release */ = {
			isa = XCBuildConfiguration;
			buildSettings = {
				ALWAYS_EMBED_SWIFT_STANDARD_LIBRARIES = YES;
				CODE_SIGN_STYLE = Automatic;
				CURRENT_PROJECT_VERSION = 1;
				DEVELOPMENT_TEAM = 6XZF5J5YU4;
				GENERATE_INFOPLIST_FILE = YES;
				MARKETING_VERSION = 1.0;
				PRODUCT_BUNDLE_IDENTIFIER = com.example.WeatherLocalUITests;
				PRODUCT_NAME = "$(TARGET_NAME)";
				SWIFT_EMIT_LOC_STRINGS = NO;
				SWIFT_VERSION = 5.0;
				TARGETED_DEVICE_FAMILY = "1,2";
				TEST_TARGET_NAME = WeatherLocal;
			};
			name = Release;
		};
/* End XCBuildConfiguration section */

/* Begin XCConfigurationList section */
		50A3552427C8D4CB0026ADDE /* Build configuration list for PBXProject "WeatherLocal" */ = {
			isa = XCConfigurationList;
			buildConfigurations = (
				50A3555427C8D4CC0026ADDE /* Debug */,
				50A3555527C8D4CC0026ADDE /* Release */,
			);
			defaultConfigurationIsVisible = 0;
			defaultConfigurationName = Release;
		};
		50A3555627C8D4CC0026ADDE /* Build configuration list for PBXNativeTarget "WeatherLocal" */ = {
			isa = XCConfigurationList;
			buildConfigurations = (
				50A3555727C8D4CC0026ADDE /* Debug */,
				50A3555827C8D4CC0026ADDE /* Release */,
			);
			defaultConfigurationIsVisible = 0;
			defaultConfigurationName = Release;
		};
		50A3555927C8D4CC0026ADDE /* Build configuration list for PBXNativeTarget "WeatherLocalTests" */ = {
			isa = XCConfigurationList;
			buildConfigurations = (
				50A3555A27C8D4CC0026ADDE /* Debug */,
				50A3555B27C8D4CC0026ADDE /* Release */,
			);
			defaultConfigurationIsVisible = 0;
			defaultConfigurationName = Release;
		};
		50A3555C27C8D4CC0026ADDE /* Build configuration list for PBXNativeTarget "WeatherLocalUITests" */ = {
			isa = XCConfigurationList;
			buildConfigurations = (
				50A3555D27C8D4CC0026ADDE /* Debug */,
				50A3555E27C8D4CC0026ADDE /* Release */,
			);
			defaultConfigurationIsVisible = 0;
			defaultConfigurationName = Release;
		};
/* End XCConfigurationList section */

/* Begin XCVersionGroup section */
		50A3553527C8D4CB0026ADDE /* WeatherLocal.xcdatamodeld */ = {
			isa = XCVersionGroup;
			children = (
				50A3553627C8D4CB0026ADDE /* WeatherLocal.xcdatamodel */,
			);
			currentVersion = 50A3553627C8D4CB0026ADDE /* WeatherLocal.xcdatamodel */;
			path = WeatherLocal.xcdatamodeld;
			sourceTree = "<group>";
			versionGroupType = wrapper.xcdatamodel;
		};
/* End XCVersionGroup section */
	};
	rootObject = 50A3552127C8D4CB0026ADDE /* Project object */;
}
